# THIS IS AN AUTOGENERATED FILE. DO NOT EDIT THIS FILE DIRECTLY.
# yarn lockfile v1


"impac-angular@git+https://git@github.com/xaun/impac-angular.git#feature/internationalisation":
  version "1.5.0-rc3"
  resolved "git+https://git@github.com/xaun/impac-angular.git#b96964192471cd1f3ccb9e710d3797aaac97a642"

"mno-enterprise-angular@git+https://git@github.com/xaun/mno-enterprise-angular.git#patch-1":
  version "0.0.0"
  resolved "git+https://git@github.com/xaun/mno-enterprise-angular.git#34aa26e0507e20f429244d8e8fb5ded81dda4419"
