# THIS IS AN AUTOGENERATED FILE. DO NOT EDIT THIS FILE DIRECTLY.
# yarn lockfile v1


"impac-angular@git+https://git@github.com/maestrano/impac-angular.git#v1.5.1":
  version "1.5.1"
  resolved "git+https://git@github.com/maestrano/impac-angular.git#46bb6f216c0c7facf983b400148a7a63119fb4f3"

"mno-enterprise-angular@git+https://git@github.com/maestrano/mno-enterprise-angular.git#master":
  version "1.0.0"
  resolved "git+https://git@github.com/maestrano/mno-enterprise-angular.git#1110cde3b90f531c5a07828675e8b2f035ec7c5d"
